{"is_source_file": false, "format": "", "description": "", "external_files": [], "external_methods": [], "published": [], "classes": [], "methods": [], "calls": [], "search-terms": [], "state": 2, "file_id": 21, "knowledge_revision": 45, "git_revision": "59078cfd83525de6aa1e51095f6e9ae610508b18", "hash": "e9b4c3b42cef0193b7fddb548d37e652", "format-version": 4, "code-base-name": "default", "filename": "skillbridge_analyzer_web/post_process_status.lock", "revision_history": [{"45": "59078cfd83525de6aa1e51095f6e9ae610508b18"}]}