{"is_source_file": false, "format": "", "description": "", "external_files": [], "external_methods": [], "published": [], "classes": [], "methods": [], "calls": [], "search-terms": [], "state": 2, "file_id": 17, "knowledge_revision": 29, "git_revision": "4b422f986e786c24f5e84526446892959b93c025", "hash": "9c4ed7ef73e22b872b8055bec08b8979", "format-version": 4, "code-base-name": "default", "filename": "skillbridge_analyzer_web/post_process_status.lock", "revision_history": [{"29": "4b422f986e786c24f5e84526446892959b93c025"}]}